
Microsoft Visual Studio Solution File, Format Version 12.00
# Visual Studio Version 16
VisualStudioVersion = 16.0.29503.13
MinimumVisualStudioVersion = 10.0.40219.1
Project("{9A19103F-16F7-4668-BE54-9A1E7A4F7556}") = "DP.Patients.KK", "DP.Patients.Kohnke\DP.Patients.KK.csproj", "{946176B3-A178-4AA1-803F-D9F5B889F910}"
EndProject
Project("{9A19103F-16F7-4668-BE54-9A1E7A4F7556}") = "PR.Client", "PR.Client\PR.Client.csproj", "{4DC32079-7339-4E22-911E-C52109E90DEE}"
EndProject
Project("{9A19103F-16F7-4668-BE54-9A1E7A4F7556}") = "PR.Notifications", "PR.Notifications\PR.Notifications.csproj", "{FBF6FC4D-FD87-48B8-A6C9-FC5370090DFD}"
EndProject
Global
	GlobalSection(SolutionConfigurationPlatforms) = preSolution
		Debug|Any CPU = Debug|Any CPU
		Release|Any CPU = Release|Any CPU
	EndGlobalSection
	GlobalSection(ProjectConfigurationPlatforms) = postSolution
		{946176B3-A178-4AA1-803F-D9F5B889F910}.Debug|Any CPU.ActiveCfg = Debug|Any CPU
		{946176B3-A178-4AA1-803F-D9F5B889F910}.Debug|Any CPU.Build.0 = Debug|Any CPU
		{946176B3-A178-4AA1-803F-D9F5B889F910}.Release|Any CPU.ActiveCfg = Release|Any CPU
		{946176B3-A178-4AA1-803F-D9F5B889F910}.Release|Any CPU.Build.0 = Release|Any CPU
		{4DC32079-7339-4E22-911E-C52109E90DEE}.Debug|Any CPU.ActiveCfg = Debug|Any CPU
		{4DC32079-7339-4E22-911E-C52109E90DEE}.Debug|Any CPU.Build.0 = Debug|Any CPU
		{4DC32079-7339-4E22-911E-C52109E90DEE}.Release|Any CPU.ActiveCfg = Release|Any CPU
		{4DC32079-7339-4E22-911E-C52109E90DEE}.Release|Any CPU.Build.0 = Release|Any CPU
		{FBF6FC4D-FD87-48B8-A6C9-FC5370090DFD}.Debug|Any CPU.ActiveCfg = Debug|Any CPU
		{FBF6FC4D-FD87-48B8-A6C9-FC5370090DFD}.Debug|Any CPU.Build.0 = Debug|Any CPU
		{FBF6FC4D-FD87-48B8-A6C9-FC5370090DFD}.Release|Any CPU.ActiveCfg = Release|Any CPU
		{FBF6FC4D-FD87-48B8-A6C9-FC5370090DFD}.Release|Any CPU.Build.0 = Release|Any CPU
	EndGlobalSection
	GlobalSection(SolutionProperties) = preSolution
		HideSolutionNode = FALSE
	EndGlobalSection
	GlobalSection(ExtensibilityGlobals) = postSolution
		SolutionGuid = {8B9F8664-0C63-4808-8699-2AF02CABB64E}
	EndGlobalSection
EndGlobal
